# THIS IS AN AUTOGENERATED FILE. DO NOT EDIT THIS FILE DIRECTLY.
# yarn lockfile v1


marked-xhtml@^1.0.9:
  version "1.0.9"
  resolved "https://registry.yarnpkg.com/marked-xhtml/-/marked-xhtml-1.0.9.tgz#5882738d69eaf2914e67a5c45e188cf954a7ca3f"
  integrity sha512-Q2VEHml4OAxoeM/6oxpnCLRreVgfZnllt4Z77GONtYrYBEWYDx/56GKCwWvVuOQ7FDuholYt5ZUfAcV9zkA64g==

marked@^12.0.1:
  version "12.0.1"
  resolved "https://registry.yarnpkg.com/marked/-/marked-12.0.1.tgz#8ab1eb15560c7cbe3b011074845d7ca6c4d392b0"
  integrity sha512-Y1/V2yafOcOdWQCX0XpAKXzDakPOpn6U0YLxTJs3cww6VxOzZV1BTOOYWLvH3gX38cq+iLwljHHTnMtlDfg01Q==
